
Microsoft Visual Studio Solution File, Format Version 12.00
# Visual Studio Version 17
VisualStudioVersion = 17.8.34511.84
MinimumVisualStudioVersion = 10.0.40219.1
Project("{FAE04EC0-301F-11D3-BF4B-00C04F79EFBC}") = "dvillavicencioS5", "dvillavicencioS5\dvillavicencioS5.csproj", "{D89F6AD6-B9D3-4B79-A812-6B702F6AC3B5}"
EndProject
Global
	GlobalSection(SolutionConfigurationPlatforms) = preSolution
		Debug|Any CPU = Debug|Any CPU
		Release|Any CPU = Release|Any CPU
	EndGlobalSection
	GlobalSection(ProjectConfigurationPlatforms) = postSolution
		{D89F6AD6-B9D3-4B79-A812-6B702F6AC3B5}.Debug|Any CPU.ActiveCfg = Debug|Any CPU
		{D89F6AD6-B9D3-4B79-A812-6B702F6AC3B5}.Debug|Any CPU.Build.0 = Debug|Any CPU
		{D89F6AD6-B9D3-4B79-A812-6B702F6AC3B5}.Debug|Any CPU.Deploy.0 = Debug|Any CPU
		{D89F6AD6-B9D3-4B79-A812-6B702F6AC3B5}.Release|Any CPU.ActiveCfg = Release|Any CPU
		{D89F6AD6-B9D3-4B79-A812-6B702F6AC3B5}.Release|Any CPU.Build.0 = Release|Any CPU
		{D89F6AD6-B9D3-4B79-A812-6B702F6AC3B5}.Release|Any CPU.Deploy.0 = Release|Any CPU
	EndGlobalSection
	GlobalSection(SolutionProperties) = preSolution
		HideSolutionNode = FALSE
	EndGlobalSection
	GlobalSection(ExtensibilityGlobals) = postSolution
		SolutionGuid = {58267869-BDC1-49BF-9D52-5209BF74B8D2}
	EndGlobalSection
EndGlobal
